
Microsoft Visual Studio Solution File, Format Version 12.00
# Visual Studio 15
VisualStudioVersion = 15.0.28307.1972
MinimumVisualStudioVersion = 10.0.40219.1
Project("{FAE04EC0-301F-11D3-BF4B-00C04F79EFBC}") = "EnumContratoEx", "EnumContratoEx\EnumContratoEx.csproj", "{A63ADCC3-69C1-49A2-9E35-A0D22804D8B4}"
EndProject
Global
	GlobalSection(SolutionConfigurationPlatforms) = preSolution
		Debug|Any CPU = Debug|Any CPU
		Release|Any CPU = Release|Any CPU
	EndGlobalSection
	GlobalSection(ProjectConfigurationPlatforms) = postSolution
		{A63ADCC3-69C1-49A2-9E35-A0D22804D8B4}.Debug|Any CPU.ActiveCfg = Debug|Any CPU
		{A63ADCC3-69C1-49A2-9E35-A0D22804D8B4}.Debug|Any CPU.Build.0 = Debug|Any CPU
		{A63ADCC3-69C1-49A2-9E35-A0D22804D8B4}.Release|Any CPU.ActiveCfg = Release|Any CPU
		{A63ADCC3-69C1-49A2-9E35-A0D22804D8B4}.Release|Any CPU.Build.0 = Release|Any CPU
	EndGlobalSection
	GlobalSection(SolutionProperties) = preSolution
		HideSolutionNode = FALSE
	EndGlobalSection
	GlobalSection(ExtensibilityGlobals) = postSolution
		SolutionGuid = {4C8E3E33-B061-4F78-803D-B8D508E1CD65}
	EndGlobalSection
EndGlobal
